
Microsoft Visual Studio Solution File, Format Version 12.00
# Visual Studio 15
VisualStudioVersion = 15.0.28010.2050
MinimumVisualStudioVersion = 10.0.40219.1
Project("{8BC9CEB8-8B4A-11D0-8D11-00A0C91BC942}") = "execute", "execute\execute.vcxproj", "{63C35E8E-5255-471C-B12E-6246A012A5A0}"
	ProjectSection(ProjectDependencies) = postProject
		{A25B2E1F-1E88-4E6F-A244-8E4925C78745} = {A25B2E1F-1E88-4E6F-A244-8E4925C78745}
	EndProjectSection
EndProject
Project("{8BC9CEB8-8B4A-11D0-8D11-00A0C91BC942}") = "file_management", "file_management\file_management.vcxproj", "{768A14E5-7624-47BD-83BF-40223C269706}"
	ProjectSection(ProjectDependencies) = postProject
		{2B36CC4C-39F1-476C-A574-FD13F6946B18} = {2B36CC4C-39F1-476C-A574-FD13F6946B18}
	EndProjectSection
EndProject
Project("{8BC9CEB8-8B4A-11D0-8D11-00A0C91BC942}") = "map", "map\map.vcxproj", "{2B36CC4C-39F1-476C-A574-FD13F6946B18}"
EndProject
Project("{8BC9CEB8-8B4A-11D0-8D11-00A0C91BC942}") = "reduce", "reduce\reduce.vcxproj", "{736072E0-A008-4753-8643-C71BD02847D9}"
EndProject
Project("{8BC9CEB8-8B4A-11D0-8D11-00A0C91BC942}") = "sort", "sort\sort.vcxproj", "{BB7FE29E-94C5-48C1-A4C3-BA97845FB1F4}"
EndProject
Project("{8BC9CEB8-8B4A-11D0-8D11-00A0C91BC942}") = "workflow", "workflow\workflow.vcxproj", "{A25B2E1F-1E88-4E6F-A244-8E4925C78745}"
	ProjectSection(ProjectDependencies) = postProject
		{2B36CC4C-39F1-476C-A574-FD13F6946B18} = {2B36CC4C-39F1-476C-A574-FD13F6946B18}
		{BB7FE29E-94C5-48C1-A4C3-BA97845FB1F4} = {BB7FE29E-94C5-48C1-A4C3-BA97845FB1F4}
		{736072E0-A008-4753-8643-C71BD02847D9} = {736072E0-A008-4753-8643-C71BD02847D9}
		{768A14E5-7624-47BD-83BF-40223C269706} = {768A14E5-7624-47BD-83BF-40223C269706}
	EndProjectSection
EndProject
Global
	GlobalSection(SolutionConfigurationPlatforms) = preSolution
		Debug|x64 = Debug|x64
		Debug|x86 = Debug|x86
		Release|x64 = Release|x64
		Release|x86 = Release|x86
	EndGlobalSection
	GlobalSection(ProjectConfigurationPlatforms) = postSolution
		{63C35E8E-5255-471C-B12E-6246A012A5A0}.Debug|x64.ActiveCfg = Debug|x64
		{63C35E8E-5255-471C-B12E-6246A012A5A0}.Debug|x64.Build.0 = Debug|x64
		{63C35E8E-5255-471C-B12E-6246A012A5A0}.Debug|x86.ActiveCfg = Debug|Win32
		{63C35E8E-5255-471C-B12E-6246A012A5A0}.Debug|x86.Build.0 = Debug|Win32
		{63C35E8E-5255-471C-B12E-6246A012A5A0}.Release|x64.ActiveCfg = Release|x64
		{63C35E8E-5255-471C-B12E-6246A012A5A0}.Release|x64.Build.0 = Release|x64
		{63C35E8E-5255-471C-B12E-6246A012A5A0}.Release|x86.ActiveCfg = Release|Win32
		{63C35E8E-5255-471C-B12E-6246A012A5A0}.Release|x86.Build.0 = Release|Win32
		{768A14E5-7624-47BD-83BF-40223C269706}.Debug|x64.ActiveCfg = Debug|x64
		{768A14E5-7624-47BD-83BF-40223C269706}.Debug|x64.Build.0 = Debug|x64
		{768A14E5-7624-47BD-83BF-40223C269706}.Debug|x86.ActiveCfg = Debug|Win32
		{768A14E5-7624-47BD-83BF-40223C269706}.Debug|x86.Build.0 = Debug|Win32
		{768A14E5-7624-47BD-83BF-40223C269706}.Release|x64.ActiveCfg = Release|x64
		{768A14E5-7624-47BD-83BF-40223C269706}.Release|x64.Build.0 = Release|x64
		{768A14E5-7624-47BD-83BF-40223C269706}.Release|x86.ActiveCfg = Release|Win32
		{768A14E5-7624-47BD-83BF-40223C269706}.Release|x86.Build.0 = Release|Win32
		{2B36CC4C-39F1-476C-A574-FD13F6946B18}.Debug|x64.ActiveCfg = Debug|x64
		{2B36CC4C-39F1-476C-A574-FD13F6946B18}.Debug|x64.Build.0 = Debug|x64
		{2B36CC4C-39F1-476C-A574-FD13F6946B18}.Debug|x86.ActiveCfg = Debug|Win32
		{2B36CC4C-39F1-476C-A574-FD13F6946B18}.Debug|x86.Build.0 = Debug|Win32
		{2B36CC4C-39F1-476C-A574-FD13F6946B18}.Release|x64.ActiveCfg = Release|x64
		{2B36CC4C-39F1-476C-A574-FD13F6946B18}.Release|x64.Build.0 = Release|x64
		{2B36CC4C-39F1-476C-A574-FD13F6946B18}.Release|x86.ActiveCfg = Release|Win32
		{2B36CC4C-39F1-476C-A574-FD13F6946B18}.Release|x86.Build.0 = Release|Win32
		{736072E0-A008-4753-8643-C71BD02847D9}.Debug|x64.ActiveCfg = Debug|x64
		{736072E0-A008-4753-8643-C71BD02847D9}.Debug|x64.Build.0 = Debug|x64
		{736072E0-A008-4753-8643-C71BD02847D9}.Debug|x86.ActiveCfg = Debug|Win32
		{736072E0-A008-4753-8643-C71BD02847D9}.Debug|x86.Build.0 = Debug|Win32
		{736072E0-A008-4753-8643-C71BD02847D9}.Release|x64.ActiveCfg = Release|x64
		{736072E0-A008-4753-8643-C71BD02847D9}.Release|x64.Build.0 = Release|x64
		{736072E0-A008-4753-8643-C71BD02847D9}.Release|x86.ActiveCfg = Release|Win32
		{736072E0-A008-4753-8643-C71BD02847D9}.Release|x86.Build.0 = Release|Win32
		{BB7FE29E-94C5-48C1-A4C3-BA97845FB1F4}.Debug|x64.ActiveCfg = Debug|x64
		{BB7FE29E-94C5-48C1-A4C3-BA97845FB1F4}.Debug|x64.Build.0 = Debug|x64
		{BB7FE29E-94C5-48C1-A4C3-BA97845FB1F4}.Debug|x86.ActiveCfg = Debug|Win32
		{BB7FE29E-94C5-48C1-A4C3-BA97845FB1F4}.Debug|x86.Build.0 = Debug|Win32
		{BB7FE29E-94C5-48C1-A4C3-BA97845FB1F4}.Release|x64.ActiveCfg = Release|x64
		{BB7FE29E-94C5-48C1-A4C3-BA97845FB1F4}.Release|x64.Build.0 = Release|x64
		{BB7FE29E-94C5-48C1-A4C3-BA97845FB1F4}.Release|x86.ActiveCfg = Release|Win32
		{BB7FE29E-94C5-48C1-A4C3-BA97845FB1F4}.Release|x86.Build.0 = Release|Win32
		{A25B2E1F-1E88-4E6F-A244-8E4925C78745}.Debug|x64.ActiveCfg = Debug|x64
		{A25B2E1F-1E88-4E6F-A244-8E4925C78745}.Debug|x64.Build.0 = Debug|x64
		{A25B2E1F-1E88-4E6F-A244-8E4925C78745}.Debug|x86.ActiveCfg = Debug|Win32
		{A25B2E1F-1E88-4E6F-A244-8E4925C78745}.Debug|x86.Build.0 = Debug|Win32
		{A25B2E1F-1E88-4E6F-A244-8E4925C78745}.Release|x64.ActiveCfg = Release|x64
		{A25B2E1F-1E88-4E6F-A244-8E4925C78745}.Release|x64.Build.0 = Release|x64
		{A25B2E1F-1E88-4E6F-A244-8E4925C78745}.Release|x86.ActiveCfg = Release|Win32
		{A25B2E1F-1E88-4E6F-A244-8E4925C78745}.Release|x86.Build.0 = Release|Win32
	EndGlobalSection
	GlobalSection(SolutionProperties) = preSolution
		HideSolutionNode = FALSE
	EndGlobalSection
	GlobalSection(ExtensibilityGlobals) = postSolution
		SolutionGuid = {C3E8CCE2-271E-4BF4-8B19-32739A4F69CC}
	EndGlobalSection
EndGlobal
