
Microsoft Visual Studio Solution File, Format Version 12.00
# Visual Studio 15
VisualStudioVersion = 15.0.28010.2050
MinimumVisualStudioVersion = 10.0.40219.1
Project("{8BC9CEB8-8B4A-11D0-8D11-00A0C91BC942}") = "Execute", "Execute\Execute.vcxproj", "{583C003F-1DFD-4D6D-AE77-1D0A0A9990CB}"
EndProject
Project("{8BC9CEB8-8B4A-11D0-8D11-00A0C91BC942}") = "WorkFlow", "WorkFlow\WorkFlow.vcxproj", "{3776DA9C-04DF-496A-B26B-2B44E1C3DA09}"
EndProject
Project("{8BC9CEB8-8B4A-11D0-8D11-00A0C91BC942}") = "FileMgt", "FileMgt\FileMgt.vcxproj", "{DE570A0C-C8FD-4571-B874-0C61BDC95EE8}"
EndProject
Project("{8BC9CEB8-8B4A-11D0-8D11-00A0C91BC942}") = "MapDll", "MapDll\MapDll.vcxproj", "{0BA5049C-8A8B-41D3-83A2-E3FCE1E87A33}"
EndProject
Project("{8BC9CEB8-8B4A-11D0-8D11-00A0C91BC942}") = "MapInterface", "MapInterface\MapInterface.vcxproj", "{0F21DDF9-AD0F-4ABC-8BAF-1C45CF46AA07}"
EndProject
Project("{8BC9CEB8-8B4A-11D0-8D11-00A0C91BC942}") = "ReduceDll", "ReduceDll\ReduceDll.vcxproj", "{44F1CF40-028C-477E-85E7-50875CDEB01B}"
EndProject
Project("{8BC9CEB8-8B4A-11D0-8D11-00A0C91BC942}") = "ReduceInterface", "ReduceInterface\ReduceInterface.vcxproj", "{58B11125-B875-41E2-8E83-D555F9B3F5A9}"
EndProject
Project("{8BC9CEB8-8B4A-11D0-8D11-00A0C91BC942}") = "Sort", "Sort\Sort.vcxproj", "{CC3201CE-AE71-45B8-8842-8DEFE5F272E8}"
EndProject
Project("{8BC9CEB8-8B4A-11D0-8D11-00A0C91BC942}") = "UniteTest", "UniteTest\UniteTest.vcxproj", "{40082E35-0F71-4742-BD1E-54DA7DDC04C7}"
EndProject
Project("{8BC9CEB8-8B4A-11D0-8D11-00A0C91BC942}") = "Mapper", "Mapper\Mapper.vcxproj", "{F0825573-75DD-47DC-A6BA-3F65E5A628F8}"
EndProject
Project("{8BC9CEB8-8B4A-11D0-8D11-00A0C91BC942}") = "Reducer", "Reducer\Reducer.vcxproj", "{6D727CA5-0CD5-470F-82DF-A57DF622934A}"
EndProject
Project("{8BC9CEB8-8B4A-11D0-8D11-00A0C91BC942}") = "Controller", "Controller\Controller.vcxproj", "{1632C19E-F7C9-4195-85ED-26614F6C4E00}"
EndProject
Project("{8BC9CEB8-8B4A-11D0-8D11-00A0C91BC942}") = "Stub", "Stub\Stub.vcxproj", "{49F2A0AE-ECF3-4775-B74B-BFDE07A97501}"
EndProject
Project("{8BC9CEB8-8B4A-11D0-8D11-00A0C91BC942}") = "StubWorkFlow", "StubWorkFlow\StubWorkFlow.vcxproj", "{53DE036E-B4C1-4193-8CDC-81AD4E24E60A}"
EndProject
Global
	GlobalSection(SolutionConfigurationPlatforms) = preSolution
		Debug|x64 = Debug|x64
		Debug|x86 = Debug|x86
		Release|x64 = Release|x64
		Release|x86 = Release|x86
	EndGlobalSection
	GlobalSection(ProjectConfigurationPlatforms) = postSolution
		{583C003F-1DFD-4D6D-AE77-1D0A0A9990CB}.Debug|x64.ActiveCfg = Debug|Win32
		{583C003F-1DFD-4D6D-AE77-1D0A0A9990CB}.Debug|x64.Build.0 = Debug|Win32
		{583C003F-1DFD-4D6D-AE77-1D0A0A9990CB}.Debug|x86.ActiveCfg = Debug|Win32
		{583C003F-1DFD-4D6D-AE77-1D0A0A9990CB}.Debug|x86.Build.0 = Debug|Win32
		{583C003F-1DFD-4D6D-AE77-1D0A0A9990CB}.Release|x64.ActiveCfg = Release|x64
		{583C003F-1DFD-4D6D-AE77-1D0A0A9990CB}.Release|x64.Build.0 = Release|x64
		{583C003F-1DFD-4D6D-AE77-1D0A0A9990CB}.Release|x86.ActiveCfg = Release|Win32
		{583C003F-1DFD-4D6D-AE77-1D0A0A9990CB}.Release|x86.Build.0 = Release|Win32
		{3776DA9C-04DF-496A-B26B-2B44E1C3DA09}.Debug|x64.ActiveCfg = Debug|Win32
		{3776DA9C-04DF-496A-B26B-2B44E1C3DA09}.Debug|x64.Build.0 = Debug|Win32
		{3776DA9C-04DF-496A-B26B-2B44E1C3DA09}.Debug|x86.ActiveCfg = Debug|Win32
		{3776DA9C-04DF-496A-B26B-2B44E1C3DA09}.Debug|x86.Build.0 = Debug|Win32
		{3776DA9C-04DF-496A-B26B-2B44E1C3DA09}.Release|x64.ActiveCfg = Release|x64
		{3776DA9C-04DF-496A-B26B-2B44E1C3DA09}.Release|x64.Build.0 = Release|x64
		{3776DA9C-04DF-496A-B26B-2B44E1C3DA09}.Release|x86.ActiveCfg = Release|Win32
		{3776DA9C-04DF-496A-B26B-2B44E1C3DA09}.Release|x86.Build.0 = Release|Win32
		{DE570A0C-C8FD-4571-B874-0C61BDC95EE8}.Debug|x64.ActiveCfg = Debug|Win32
		{DE570A0C-C8FD-4571-B874-0C61BDC95EE8}.Debug|x64.Build.0 = Debug|Win32
		{DE570A0C-C8FD-4571-B874-0C61BDC95EE8}.Debug|x86.ActiveCfg = Debug|Win32
		{DE570A0C-C8FD-4571-B874-0C61BDC95EE8}.Debug|x86.Build.0 = Debug|Win32
		{DE570A0C-C8FD-4571-B874-0C61BDC95EE8}.Release|x64.ActiveCfg = Release|x64
		{DE570A0C-C8FD-4571-B874-0C61BDC95EE8}.Release|x64.Build.0 = Release|x64
		{DE570A0C-C8FD-4571-B874-0C61BDC95EE8}.Release|x86.ActiveCfg = Release|Win32
		{DE570A0C-C8FD-4571-B874-0C61BDC95EE8}.Release|x86.Build.0 = Release|Win32
		{0BA5049C-8A8B-41D3-83A2-E3FCE1E87A33}.Debug|x64.ActiveCfg = Debug|Win32
		{0BA5049C-8A8B-41D3-83A2-E3FCE1E87A33}.Debug|x64.Build.0 = Debug|Win32
		{0BA5049C-8A8B-41D3-83A2-E3FCE1E87A33}.Debug|x86.ActiveCfg = Debug|Win32
		{0BA5049C-8A8B-41D3-83A2-E3FCE1E87A33}.Debug|x86.Build.0 = Debug|Win32
		{0BA5049C-8A8B-41D3-83A2-E3FCE1E87A33}.Release|x64.ActiveCfg = Release|x64
		{0BA5049C-8A8B-41D3-83A2-E3FCE1E87A33}.Release|x64.Build.0 = Release|x64
		{0BA5049C-8A8B-41D3-83A2-E3FCE1E87A33}.Release|x86.ActiveCfg = Release|Win32
		{0BA5049C-8A8B-41D3-83A2-E3FCE1E87A33}.Release|x86.Build.0 = Release|Win32
		{0F21DDF9-AD0F-4ABC-8BAF-1C45CF46AA07}.Debug|x64.ActiveCfg = Debug|Win32
		{0F21DDF9-AD0F-4ABC-8BAF-1C45CF46AA07}.Debug|x64.Build.0 = Debug|Win32
		{0F21DDF9-AD0F-4ABC-8BAF-1C45CF46AA07}.Debug|x86.ActiveCfg = Debug|Win32
		{0F21DDF9-AD0F-4ABC-8BAF-1C45CF46AA07}.Debug|x86.Build.0 = Debug|Win32
		{0F21DDF9-AD0F-4ABC-8BAF-1C45CF46AA07}.Release|x64.ActiveCfg = Release|x64
		{0F21DDF9-AD0F-4ABC-8BAF-1C45CF46AA07}.Release|x64.Build.0 = Release|x64
		{0F21DDF9-AD0F-4ABC-8BAF-1C45CF46AA07}.Release|x86.ActiveCfg = Release|Win32
		{0F21DDF9-AD0F-4ABC-8BAF-1C45CF46AA07}.Release|x86.Build.0 = Release|Win32
		{44F1CF40-028C-477E-85E7-50875CDEB01B}.Debug|x64.ActiveCfg = Debug|Win32
		{44F1CF40-028C-477E-85E7-50875CDEB01B}.Debug|x64.Build.0 = Debug|Win32
		{44F1CF40-028C-477E-85E7-50875CDEB01B}.Debug|x86.ActiveCfg = Debug|Win32
		{44F1CF40-028C-477E-85E7-50875CDEB01B}.Debug|x86.Build.0 = Debug|Win32
		{44F1CF40-028C-477E-85E7-50875CDEB01B}.Release|x64.ActiveCfg = Release|x64
		{44F1CF40-028C-477E-85E7-50875CDEB01B}.Release|x64.Build.0 = Release|x64
		{44F1CF40-028C-477E-85E7-50875CDEB01B}.Release|x86.ActiveCfg = Release|Win32
		{44F1CF40-028C-477E-85E7-50875CDEB01B}.Release|x86.Build.0 = Release|Win32
		{58B11125-B875-41E2-8E83-D555F9B3F5A9}.Debug|x64.ActiveCfg = Debug|Win32
		{58B11125-B875-41E2-8E83-D555F9B3F5A9}.Debug|x64.Build.0 = Debug|Win32
		{58B11125-B875-41E2-8E83-D555F9B3F5A9}.Debug|x86.ActiveCfg = Debug|Win32
		{58B11125-B875-41E2-8E83-D555F9B3F5A9}.Debug|x86.Build.0 = Debug|Win32
		{58B11125-B875-41E2-8E83-D555F9B3F5A9}.Release|x64.ActiveCfg = Release|x64
		{58B11125-B875-41E2-8E83-D555F9B3F5A9}.Release|x64.Build.0 = Release|x64
		{58B11125-B875-41E2-8E83-D555F9B3F5A9}.Release|x86.ActiveCfg = Release|Win32
		{58B11125-B875-41E2-8E83-D555F9B3F5A9}.Release|x86.Build.0 = Release|Win32
		{CC3201CE-AE71-45B8-8842-8DEFE5F272E8}.Debug|x64.ActiveCfg = Debug|Win32
		{CC3201CE-AE71-45B8-8842-8DEFE5F272E8}.Debug|x64.Build.0 = Debug|Win32
		{CC3201CE-AE71-45B8-8842-8DEFE5F272E8}.Debug|x86.ActiveCfg = Debug|Win32
		{CC3201CE-AE71-45B8-8842-8DEFE5F272E8}.Debug|x86.Build.0 = Debug|Win32
		{CC3201CE-AE71-45B8-8842-8DEFE5F272E8}.Release|x64.ActiveCfg = Release|x64
		{CC3201CE-AE71-45B8-8842-8DEFE5F272E8}.Release|x64.Build.0 = Release|x64
		{CC3201CE-AE71-45B8-8842-8DEFE5F272E8}.Release|x86.ActiveCfg = Release|Win32
		{CC3201CE-AE71-45B8-8842-8DEFE5F272E8}.Release|x86.Build.0 = Release|Win32
		{40082E35-0F71-4742-BD1E-54DA7DDC04C7}.Debug|x64.ActiveCfg = Debug|Win32
		{40082E35-0F71-4742-BD1E-54DA7DDC04C7}.Debug|x64.Build.0 = Debug|Win32
		{40082E35-0F71-4742-BD1E-54DA7DDC04C7}.Debug|x86.ActiveCfg = Debug|Win32
		{40082E35-0F71-4742-BD1E-54DA7DDC04C7}.Debug|x86.Build.0 = Debug|Win32
		{40082E35-0F71-4742-BD1E-54DA7DDC04C7}.Release|x64.ActiveCfg = Release|x64
		{40082E35-0F71-4742-BD1E-54DA7DDC04C7}.Release|x64.Build.0 = Release|x64
		{40082E35-0F71-4742-BD1E-54DA7DDC04C7}.Release|x86.ActiveCfg = Release|Win32
		{40082E35-0F71-4742-BD1E-54DA7DDC04C7}.Release|x86.Build.0 = Release|Win32
		{F0825573-75DD-47DC-A6BA-3F65E5A628F8}.Debug|x64.ActiveCfg = Debug|Win32
		{F0825573-75DD-47DC-A6BA-3F65E5A628F8}.Debug|x64.Build.0 = Debug|Win32
		{F0825573-75DD-47DC-A6BA-3F65E5A628F8}.Debug|x86.ActiveCfg = Debug|Win32
		{F0825573-75DD-47DC-A6BA-3F65E5A628F8}.Debug|x86.Build.0 = Debug|Win32
		{F0825573-75DD-47DC-A6BA-3F65E5A628F8}.Release|x64.ActiveCfg = Release|x64
		{F0825573-75DD-47DC-A6BA-3F65E5A628F8}.Release|x64.Build.0 = Release|x64
		{F0825573-75DD-47DC-A6BA-3F65E5A628F8}.Release|x86.ActiveCfg = Release|Win32
		{F0825573-75DD-47DC-A6BA-3F65E5A628F8}.Release|x86.Build.0 = Release|Win32
		{6D727CA5-0CD5-470F-82DF-A57DF622934A}.Debug|x64.ActiveCfg = Debug|Win32
		{6D727CA5-0CD5-470F-82DF-A57DF622934A}.Debug|x64.Build.0 = Debug|Win32
		{6D727CA5-0CD5-470F-82DF-A57DF622934A}.Debug|x86.ActiveCfg = Debug|Win32
		{6D727CA5-0CD5-470F-82DF-A57DF622934A}.Debug|x86.Build.0 = Debug|Win32
		{6D727CA5-0CD5-470F-82DF-A57DF622934A}.Release|x64.ActiveCfg = Release|x64
		{6D727CA5-0CD5-470F-82DF-A57DF622934A}.Release|x64.Build.0 = Release|x64
		{6D727CA5-0CD5-470F-82DF-A57DF622934A}.Release|x86.ActiveCfg = Release|Win32
		{6D727CA5-0CD5-470F-82DF-A57DF622934A}.Release|x86.Build.0 = Release|Win32
		{1632C19E-F7C9-4195-85ED-26614F6C4E00}.Debug|x64.ActiveCfg = Debug|Win32
		{1632C19E-F7C9-4195-85ED-26614F6C4E00}.Debug|x64.Build.0 = Debug|Win32
		{1632C19E-F7C9-4195-85ED-26614F6C4E00}.Debug|x86.ActiveCfg = Debug|Win32
		{1632C19E-F7C9-4195-85ED-26614F6C4E00}.Debug|x86.Build.0 = Debug|Win32
		{1632C19E-F7C9-4195-85ED-26614F6C4E00}.Release|x64.ActiveCfg = Release|x64
		{1632C19E-F7C9-4195-85ED-26614F6C4E00}.Release|x64.Build.0 = Release|x64
		{1632C19E-F7C9-4195-85ED-26614F6C4E00}.Release|x86.ActiveCfg = Release|Win32
		{1632C19E-F7C9-4195-85ED-26614F6C4E00}.Release|x86.Build.0 = Release|Win32
		{49F2A0AE-ECF3-4775-B74B-BFDE07A97501}.Debug|x64.ActiveCfg = Debug|Win32
		{49F2A0AE-ECF3-4775-B74B-BFDE07A97501}.Debug|x64.Build.0 = Debug|Win32
		{49F2A0AE-ECF3-4775-B74B-BFDE07A97501}.Debug|x86.ActiveCfg = Debug|Win32
		{49F2A0AE-ECF3-4775-B74B-BFDE07A97501}.Debug|x86.Build.0 = Debug|Win32
		{49F2A0AE-ECF3-4775-B74B-BFDE07A97501}.Release|x64.ActiveCfg = Release|x64
		{49F2A0AE-ECF3-4775-B74B-BFDE07A97501}.Release|x64.Build.0 = Release|x64
		{49F2A0AE-ECF3-4775-B74B-BFDE07A97501}.Release|x86.ActiveCfg = Release|Win32
		{49F2A0AE-ECF3-4775-B74B-BFDE07A97501}.Release|x86.Build.0 = Release|Win32
		{53DE036E-B4C1-4193-8CDC-81AD4E24E60A}.Debug|x64.ActiveCfg = Debug|Win32
		{53DE036E-B4C1-4193-8CDC-81AD4E24E60A}.Debug|x64.Build.0 = Debug|Win32
		{53DE036E-B4C1-4193-8CDC-81AD4E24E60A}.Debug|x86.ActiveCfg = Debug|Win32
		{53DE036E-B4C1-4193-8CDC-81AD4E24E60A}.Debug|x86.Build.0 = Debug|Win32
		{53DE036E-B4C1-4193-8CDC-81AD4E24E60A}.Release|x64.ActiveCfg = Release|x64
		{53DE036E-B4C1-4193-8CDC-81AD4E24E60A}.Release|x64.Build.0 = Release|x64
		{53DE036E-B4C1-4193-8CDC-81AD4E24E60A}.Release|x86.ActiveCfg = Release|Win32
		{53DE036E-B4C1-4193-8CDC-81AD4E24E60A}.Release|x86.Build.0 = Release|Win32
	EndGlobalSection
	GlobalSection(SolutionProperties) = preSolution
		HideSolutionNode = FALSE
	EndGlobalSection
	GlobalSection(ExtensibilityGlobals) = postSolution
		SolutionGuid = {C3E8CCE2-271E-4BF4-8B19-32739A4F69CC}
	EndGlobalSection
EndGlobal
