
Microsoft Visual Studio Solution File, Format Version 12.00
# Visual Studio 15
VisualStudioVersion = 15.0.27703.2000
MinimumVisualStudioVersion = 10.0.40219.1
Project("{8BC9CEB8-8B4A-11D0-8D11-00A0C91BC942}") = "MapReduce", "MapReduce\MapReduce.vcxproj", "{B6E1AD93-C791-4834-8205-8B064855C3D6}"
EndProject
Project("{8BC9CEB8-8B4A-11D0-8D11-00A0C91BC942}") = "Mapper", "Mapper\Mapper.vcxproj", "{C8EBC5BC-2032-4495-8A4B-BEF6F98BC316}"
EndProject
Project("{8BC9CEB8-8B4A-11D0-8D11-00A0C91BC942}") = "Sample-Test2", "Sample-Test2\Sample-Test2.vcxproj", "{5E88549F-9451-4E21-A96E-C2E24C260E5D}"
EndProject
Global
	GlobalSection(SolutionConfigurationPlatforms) = preSolution
		Debug|x64 = Debug|x64
		Debug|x86 = Debug|x86
		Release|x64 = Release|x64
		Release|x86 = Release|x86
	EndGlobalSection
	GlobalSection(ProjectConfigurationPlatforms) = postSolution
		{B6E1AD93-C791-4834-8205-8B064855C3D6}.Debug|x64.ActiveCfg = Debug|x64
		{B6E1AD93-C791-4834-8205-8B064855C3D6}.Debug|x64.Build.0 = Debug|x64
		{B6E1AD93-C791-4834-8205-8B064855C3D6}.Debug|x86.ActiveCfg = Release|x64
		{B6E1AD93-C791-4834-8205-8B064855C3D6}.Debug|x86.Build.0 = Release|x64
		{B6E1AD93-C791-4834-8205-8B064855C3D6}.Release|x64.ActiveCfg = Release|x64
		{B6E1AD93-C791-4834-8205-8B064855C3D6}.Release|x64.Build.0 = Release|x64
		{B6E1AD93-C791-4834-8205-8B064855C3D6}.Release|x86.ActiveCfg = Release|Win32
		{B6E1AD93-C791-4834-8205-8B064855C3D6}.Release|x86.Build.0 = Release|Win32
		{C8EBC5BC-2032-4495-8A4B-BEF6F98BC316}.Debug|x64.ActiveCfg = Debug|x64
		{C8EBC5BC-2032-4495-8A4B-BEF6F98BC316}.Debug|x64.Build.0 = Debug|x64
		{C8EBC5BC-2032-4495-8A4B-BEF6F98BC316}.Debug|x86.ActiveCfg = Debug|Win32
		{C8EBC5BC-2032-4495-8A4B-BEF6F98BC316}.Debug|x86.Build.0 = Debug|Win32
		{C8EBC5BC-2032-4495-8A4B-BEF6F98BC316}.Release|x64.ActiveCfg = Release|x64
		{C8EBC5BC-2032-4495-8A4B-BEF6F98BC316}.Release|x64.Build.0 = Release|x64
		{C8EBC5BC-2032-4495-8A4B-BEF6F98BC316}.Release|x86.ActiveCfg = Release|Win32
		{C8EBC5BC-2032-4495-8A4B-BEF6F98BC316}.Release|x86.Build.0 = Release|Win32
		{5E88549F-9451-4E21-A96E-C2E24C260E5D}.Debug|x64.ActiveCfg = Debug|x64
		{5E88549F-9451-4E21-A96E-C2E24C260E5D}.Debug|x64.Build.0 = Debug|x64
		{5E88549F-9451-4E21-A96E-C2E24C260E5D}.Debug|x86.ActiveCfg = Debug|Win32
		{5E88549F-9451-4E21-A96E-C2E24C260E5D}.Debug|x86.Build.0 = Debug|Win32
		{5E88549F-9451-4E21-A96E-C2E24C260E5D}.Release|x64.ActiveCfg = Release|x64
		{5E88549F-9451-4E21-A96E-C2E24C260E5D}.Release|x64.Build.0 = Release|x64
		{5E88549F-9451-4E21-A96E-C2E24C260E5D}.Release|x86.ActiveCfg = Release|Win32
		{5E88549F-9451-4E21-A96E-C2E24C260E5D}.Release|x86.Build.0 = Release|Win32
	EndGlobalSection
	GlobalSection(SolutionProperties) = preSolution
		HideSolutionNode = FALSE
	EndGlobalSection
	GlobalSection(ExtensibilityGlobals) = postSolution
		SolutionGuid = {C363ECE5-013C-4A22-99E8-C75AB2090319}
	EndGlobalSection
EndGlobal
